// !$*UTF8*$!
{
	archiveVersion = 1;
	classes = {
	};
	objectVersion = 50;
	objects = {

/* Begin PBXBuildFile section */
		3B42E7F0211B7B3F0001967B /* AppDelegate.swift in Sources */ = {isa = PBXBuildFile; fileRef = 3B42E7EF211B7B3F0001967B /* AppDelegate.swift */; };
		3B42E7F2211B7B3F0001967B /* ViewController.swift in Sources */ = {isa = PBXBuildFile; fileRef = 3B42E7F1211B7B3F0001967B /* ViewController.swift */; };
		3B42E7F5211B7B3F0001967B /* Main.storyboard in Resources */ = {isa = PBXBuildFile; fileRef = 3B42E7F3211B7B3F0001967B /* Main.storyboard */; };
		3B42E7F8211B7B3F0001967B /* Project_ezmony.xcdatamodeld in Sources */ = {isa = PBXBuildFile; fileRef = 3B42E7F6211B7B3F0001967B /* Project_ezmony.xcdatamodeld */; };
		3B42E7FA211B7B410001967B /* Assets.xcassets in Resources */ = {isa = PBXBuildFile; fileRef = 3B42E7F9211B7B410001967B /* Assets.xcassets */; };
		3B42E7FD211B7B410001967B /* LaunchScreen.storyboard in Resources */ = {isa = PBXBuildFile; fileRef = 3B42E7FB211B7B410001967B /* LaunchScreen.storyboard */; };
		3B42E808211B7B410001967B /* Project_ezmonyTests.swift in Sources */ = {isa = PBXBuildFile; fileRef = 3B42E807211B7B410001967B /* Project_ezmonyTests.swift */; };
		3B42E813211B7B410001967B /* Project_ezmonyUITests.swift in Sources */ = {isa = PBXBuildFile; fileRef = 3B42E812211B7B410001967B /* Project_ezmonyUITests.swift */; };
		6519E49352FA3BB8A2BC5177 /* Pods_Project_ezmonyUITests.framework in Frameworks */ = {isa = PBXBuildFile; fileRef = 0AE3379F529CE3013A9B30B5 /* Pods_Project_ezmonyUITests.framework */; };
		95FE05D6FD387E83BFA52E32 /* Pods_Project_ezmony.framework in Frameworks */ = {isa = PBXBuildFile; fileRef = 0BC4F7D1F1C2B398BC271EAB /* Pods_Project_ezmony.framework */; settings = {ATTRIBUTES = (Required, ); }; };
		BEC5CD38FC501A3C09543562 /* Pods_Project_ezmonyTests.framework in Frameworks */ = {isa = PBXBuildFile; fileRef = 8D73DEC57FE8DF3CF21D86C5 /* Pods_Project_ezmonyTests.framework */; };
/* End PBXBuildFile section */

/* Begin PBXContainerItemProxy section */
		3B42E804211B7B410001967B /* PBXContainerItemProxy */ = {
			isa = PBXContainerItemProxy;
			containerPortal = 3B42E7E4211B7B3F0001967B /* Project object */;
			proxyType = 1;
			remoteGlobalIDString = 3B42E7EB211B7B3F0001967B;
			remoteInfo = Project_ezmony;
		};
		3B42E80F211B7B410001967B /* PBXContainerItemProxy */ = {
			isa = PBXContainerItemProxy;
			containerPortal = 3B42E7E4211B7B3F0001967B /* Project object */;
			proxyType = 1;
			remoteGlobalIDString = 3B42E7EB211B7B3F0001967B;
			remoteInfo = Project_ezmony;
		};
/* End PBXContainerItemProxy section */

/* Begin PBXCopyFilesBuildPhase section */
		3BAF48A6211B7F66008E5B2D /* Embed Frameworks */ = {
			isa = PBXCopyFilesBuildPhase;
			buildActionMask = 2147483647;
			dstPath = "";
			dstSubfolderSpec = 10;
			files = (
			);
			name = "Embed Frameworks";
			runOnlyForDeploymentPostprocessing = 0;
		};
/* End PBXCopyFilesBuildPhase section */

/* Begin PBXFileReference section */
		0AE3379F529CE3013A9B30B5 /* Pods_Project_ezmonyUITests.framework */ = {isa = PBXFileReference; explicitFileType = wrapper.framework; includeInIndex = 0; path = Pods_Project_ezmonyUITests.framework; sourceTree = BUILT_PRODUCTS_DIR; };
		0BC4F7D1F1C2B398BC271EAB /* Pods_Project_ezmony.framework */ = {isa = PBXFileReference; explicitFileType = wrapper.framework; includeInIndex = 0; path = Pods_Project_ezmony.framework; sourceTree = BUILT_PRODUCTS_DIR; };
		3B42E7EC211B7B3F0001967B /* Project_ezmony.app */ = {isa = PBXFileReference; explicitFileType = wrapper.application; includeInIndex = 0; path = Project_ezmony.app; sourceTree = BUILT_PRODUCTS_DIR; };
		3B42E7EF211B7B3F0001967B /* AppDelegate.swift */ = {isa = PBXFileReference; lastKnownFileType = sourcecode.swift; path = AppDelegate.swift; sourceTree = "<group>"; };
		3B42E7F1211B7B3F0001967B /* ViewController.swift */ = {isa = PBXFileReference; lastKnownFileType = sourcecode.swift; path = ViewController.swift; sourceTree = "<group>"; };
		3B42E7F4211B7B3F0001967B /* Base */ = {isa = PBXFileReference; lastKnownFileType = file.storyboard; name = Base; path = Base.lproj/Main.storyboard; sourceTree = "<group>"; };
		3B42E7F7211B7B3F0001967B /* Project_ezmony.xcdatamodel */ = {isa = PBXFileReference; lastKnownFileType = wrapper.xcdatamodel; path = Project_ezmony.xcdatamodel; sourceTree = "<group>"; };
		3B42E7F9211B7B410001967B /* Assets.xcassets */ = {isa = PBXFileReference; lastKnownFileType = folder.assetcatalog; path = Assets.xcassets; sourceTree = "<group>"; };
		3B42E7FC211B7B410001967B /* Base */ = {isa = PBXFileReference; lastKnownFileType = file.storyboard; name = Base; path = Base.lproj/LaunchScreen.storyboard; sourceTree = "<group>"; };
		3B42E7FE211B7B410001967B /* Info.plist */ = {isa = PBXFileReference; lastKnownFileType = text.plist.xml; path = Info.plist; sourceTree = "<group>"; };
		3B42E803211B7B410001967B /* Project_ezmonyTests.xctest */ = {isa = PBXFileReference; explicitFileType = wrapper.cfbundle; includeInIndex = 0; path = Project_ezmonyTests.xctest; sourceTree = BUILT_PRODUCTS_DIR; };
		3B42E807211B7B410001967B /* Project_ezmonyTests.swift */ = {isa = PBXFileReference; lastKnownFileType = sourcecode.swift; path = Project_ezmonyTests.swift; sourceTree = "<group>"; };
		3B42E809211B7B410001967B /* Info.plist */ = {isa = PBXFileReference; lastKnownFileType = text.plist.xml; path = Info.plist; sourceTree = "<group>"; };
		3B42E80E211B7B410001967B /* Project_ezmonyUITests.xctest */ = {isa = PBXFileReference; explicitFileType = wrapper.cfbundle; includeInIndex = 0; path = Project_ezmonyUITests.xctest; sourceTree = BUILT_PRODUCTS_DIR; };
		3B42E812211B7B410001967B /* Project_ezmonyUITests.swift */ = {isa = PBXFileReference; lastKnownFileType = sourcecode.swift; path = Project_ezmonyUITests.swift; sourceTree = "<group>"; };
		3B42E814211B7B410001967B /* Info.plist */ = {isa = PBXFileReference; lastKnownFileType = text.plist.xml; path = Info.plist; sourceTree = "<group>"; };
		5BC95B4EFA73FCC120F5218A /* Pods-Project_ezmony.debug.xcconfig */ = {isa = PBXFileReference; includeInIndex = 1; lastKnownFileType = text.xcconfig; name = "Pods-Project_ezmony.debug.xcconfig"; path = "Pods/Target Support Files/Pods-Project_ezmony/Pods-Project_ezmony.debug.xcconfig"; sourceTree = "<group>"; };
		5D0B7AE73BD1ADE7E6A6FC9A /* Pods-Project_ezmonyTests.debug.xcconfig */ = {isa = PBXFileReference; includeInIndex = 1; lastKnownFileType = text.xcconfig; name = "Pods-Project_ezmonyTests.debug.xcconfig"; path = "Pods/Target Support Files/Pods-Project_ezmonyTests/Pods-Project_ezmonyTests.debug.xcconfig"; sourceTree = "<group>"; };
		726A1A9714F2B3D795D56E0F /* Pods-Project_ezmony.release.xcconfig */ = {isa = PBXFileReference; includeInIndex = 1; lastKnownFileType = text.xcconfig; name = "Pods-Project_ezmony.release.xcconfig"; path = "Pods/Target Support Files/Pods-Project_ezmony/Pods-Project_ezmony.release.xcconfig"; sourceTree = "<group>"; };
		8D73DEC57FE8DF3CF21D86C5 /* Pods_Project_ezmonyTests.framework */ = {isa = PBXFileReference; explicitFileType = wrapper.framework; includeInIndex = 0; path = Pods_Project_ezmonyTests.framework; sourceTree = BUILT_PRODUCTS_DIR; };
		A2A935785F8AD0AB62723930 /* Pods-Project_ezmonyTests.release.xcconfig */ = {isa = PBXFileReference; includeInIndex = 1; lastKnownFileType = text.xcconfig; name = "Pods-Project_ezmonyTests.release.xcconfig"; path = "Pods/Target Support Files/Pods-Project_ezmonyTests/Pods-Project_ezmonyTests.release.xcconfig"; sourceTree = "<group>"; };
		AA93C022D83AD787BEC7CDB1 /* Pods-Project_ezmonyUITests.debug.xcconfig */ = {isa = PBXFileReference; includeInIndex = 1; lastKnownFileType = text.xcconfig; name = "Pods-Project_ezmonyUITests.debug.xcconfig"; path = "Pods/Target Support Files/Pods-Project_ezmonyUITests/Pods-Project_ezmonyUITests.debug.xcconfig"; sourceTree = "<group>"; };
		E5EFBC67320B87005761B661 /* Pods-Project_ezmonyUITests.release.xcconfig */ = {isa = PBXFileReference; includeInIndex = 1; lastKnownFileType = text.xcconfig; name = "Pods-Project_ezmonyUITests.release.xcconfig"; path = "Pods/Target Support Files/Pods-Project_ezmonyUITests/Pods-Project_ezmonyUITests.release.xcconfig"; sourceTree = "<group>"; };
/* End PBXFileReference section */

/* Begin PBXFrameworksBuildPhase section */
		3B42E7E9211B7B3F0001967B /* Frameworks */ = {
			isa = PBXFrameworksBuildPhase;
			buildActionMask = 2147483647;
			files = (
				95FE05D6FD387E83BFA52E32 /* Pods_Project_ezmony.framework in Frameworks */,
			);
			runOnlyForDeploymentPostprocessing = 0;
		};
		3B42E800211B7B410001967B /* Frameworks */ = {
			isa = PBXFrameworksBuildPhase;
			buildActionMask = 2147483647;
			files = (
				BEC5CD38FC501A3C09543562 /* Pods_Project_ezmonyTests.framework in Frameworks */,
			);
			runOnlyForDeploymentPostprocessing = 0;
		};
		3B42E80B211B7B410001967B /* Frameworks */ = {
			isa = PBXFrameworksBuildPhase;
			buildActionMask = 2147483647;
			files = (
				6519E49352FA3BB8A2BC5177 /* Pods_Project_ezmonyUITests.framework in Frameworks */,
			);
			runOnlyForDeploymentPostprocessing = 0;
		};
/* End PBXFrameworksBuildPhase section */

/* Begin PBXGroup section */
		3B42E7E3211B7B3F0001967B = {
			isa = PBXGroup;
			children = (
				3B42E7EE211B7B3F0001967B /* Project_ezmony */,
				3B42E806211B7B410001967B /* Project_ezmonyTests */,
				3B42E811211B7B410001967B /* Project_ezmonyUITests */,
				3B42E7ED211B7B3F0001967B /* Products */,
				C29C80F6C3A65BE678302A54 /* Pods */,
				4525CED8B26C5BBAA097ABF5 /* Frameworks */,
			);
			sourceTree = "<group>";
		};
		3B42E7ED211B7B3F0001967B /* Products */ = {
			isa = PBXGroup;
			children = (
				3B42E7EC211B7B3F0001967B /* Project_ezmony.app */,
				3B42E803211B7B410001967B /* Project_ezmonyTests.xctest */,
				3B42E80E211B7B410001967B /* Project_ezmonyUITests.xctest */,
			);
			name = Products;
			sourceTree = "<group>";
		};
		3B42E7EE211B7B3F0001967B /* Project_ezmony */ = {
			isa = PBXGroup;
			children = (
				3B42E7EF211B7B3F0001967B /* AppDelegate.swift */,
				3B42E7F1211B7B3F0001967B /* ViewController.swift */,
				3B42E7F3211B7B3F0001967B /* Main.storyboard */,
				3B42E7F9211B7B410001967B /* Assets.xcassets */,
				3B42E7FB211B7B410001967B /* LaunchScreen.storyboard */,
				3B42E7FE211B7B410001967B /* Info.plist */,
				3B42E7F6211B7B3F0001967B /* Project_ezmony.xcdatamodeld */,
			);
			path = Project_ezmony;
			sourceTree = "<group>";
		};
		3B42E806211B7B410001967B /* Project_ezmonyTests */ = {
			isa = PBXGroup;
			children = (
				3B42E807211B7B410001967B /* Project_ezmonyTests.swift */,
				3B42E809211B7B410001967B /* Info.plist */,
			);
			path = Project_ezmonyTests;
			sourceTree = "<group>";
		};
		3B42E811211B7B410001967B /* Project_ezmonyUITests */ = {
			isa = PBXGroup;
			children = (
				3B42E812211B7B410001967B /* Project_ezmonyUITests.swift */,
				3B42E814211B7B410001967B /* Info.plist */,
			);
			path = Project_ezmonyUITests;
			sourceTree = "<group>";
		};
		4525CED8B26C5BBAA097ABF5 /* Frameworks */ = {
			isa = PBXGroup;
			children = (
				0BC4F7D1F1C2B398BC271EAB /* Pods_Project_ezmony.framework */,
				8D73DEC57FE8DF3CF21D86C5 /* Pods_Project_ezmonyTests.framework */,
				0AE3379F529CE3013A9B30B5 /* Pods_Project_ezmonyUITests.framework */,
			);
			name = Frameworks;
			sourceTree = "<group>";
		};
		C29C80F6C3A65BE678302A54 /* Pods */ = {
			isa = PBXGroup;
			children = (
				5BC95B4EFA73FCC120F5218A /* Pods-Project_ezmony.debug.xcconfig */,
				726A1A9714F2B3D795D56E0F /* Pods-Project_ezmony.release.xcconfig */,
				5D0B7AE73BD1ADE7E6A6FC9A /* Pods-Project_ezmonyTests.debug.xcconfig */,
				A2A935785F8AD0AB62723930 /* Pods-Project_ezmonyTests.release.xcconfig */,
				AA93C022D83AD787BEC7CDB1 /* Pods-Project_ezmonyUITests.debug.xcconfig */,
				E5EFBC67320B87005761B661 /* Pods-Project_ezmonyUITests.release.xcconfig */,
			);
			name = Pods;
			sourceTree = "<group>";
		};
/* End PBXGroup section */

/* Begin PBXNativeTarget section */
		3B42E7EB211B7B3F0001967B /* Project_ezmony */ = {
			isa = PBXNativeTarget;
			buildConfigurationList = 3B42E817211B7B410001967B /* Build configuration list for PBXNativeTarget "Project_ezmony" */;
			buildPhases = (
				33F10065DA1D9049F6A079F0 /* [CP] Check Pods Manifest.lock */,
				3B42E7E8211B7B3F0001967B /* Sources */,
				3B42E7E9211B7B3F0001967B /* Frameworks */,
				3B42E7EA211B7B3F0001967B /* Resources */,
				7DAE426F2A57614BDC35E6C9 /* [CP] Embed Pods Frameworks */,
				3BAF48A6211B7F66008E5B2D /* Embed Frameworks */,
			);
			buildRules = (
			);
			dependencies = (
			);
			name = Project_ezmony;
			productName = Project_ezmony;
			productReference = 3B42E7EC211B7B3F0001967B /* Project_ezmony.app */;
			productType = "com.apple.product-type.application";
		};
		3B42E802211B7B410001967B /* Project_ezmonyTests */ = {
			isa = PBXNativeTarget;
			buildConfigurationList = 3B42E81A211B7B410001967B /* Build configuration list for PBXNativeTarget "Project_ezmonyTests" */;
			buildPhases = (
				2E278D191E6C7A0D92FE8FF4 /* [CP] Check Pods Manifest.lock */,
				3B42E7FF211B7B410001967B /* Sources */,
				3B42E800211B7B410001967B /* Frameworks */,
				3B42E801211B7B410001967B /* Resources */,
			);
			buildRules = (
			);
			dependencies = (
				3B42E805211B7B410001967B /* PBXTargetDependency */,
			);
			name = Project_ezmonyTests;
			productName = Project_ezmonyTests;
			productReference = 3B42E803211B7B410001967B /* Project_ezmonyTests.xctest */;
			productType = "com.apple.product-type.bundle.unit-test";
		};
		3B42E80D211B7B410001967B /* Project_ezmonyUITests */ = {
			isa = PBXNativeTarget;
			buildConfigurationList = 3B42E81D211B7B410001967B /* Build configuration list for PBXNativeTarget "Project_ezmonyUITests" */;
			buildPhases = (
				BB480FD4AF02D5346F7C680F /* [CP] Check Pods Manifest.lock */,
				3B42E80A211B7B410001967B /* Sources */,
				3B42E80B211B7B410001967B /* Frameworks */,
				3B42E80C211B7B410001967B /* Resources */,
			);
			buildRules = (
			);
			dependencies = (
				3B42E810211B7B410001967B /* PBXTargetDependency */,
			);
			name = Project_ezmonyUITests;
			productName = Project_ezmonyUITests;
			productReference = 3B42E80E211B7B410001967B /* Project_ezmonyUITests.xctest */;
			productType = "com.apple.product-type.bundle.ui-testing";
		};
/* End PBXNativeTarget section */

/* Begin PBXProject section */
		3B42E7E4211B7B3F0001967B /* Project object */ = {
			isa = PBXProject;
			attributes = {
				LastSwiftUpdateCheck = 0940;
				LastUpgradeCheck = 0940;
				ORGANIZATIONNAME = "Bad Pixel";
				TargetAttributes = {
					3B42E7EB211B7B3F0001967B = {
						CreatedOnToolsVersion = 9.4.1;
					};
					3B42E802211B7B410001967B = {
						CreatedOnToolsVersion = 9.4.1;
						TestTargetID = 3B42E7EB211B7B3F0001967B;
					};
					3B42E80D211B7B410001967B = {
						CreatedOnToolsVersion = 9.4.1;
						TestTargetID = 3B42E7EB211B7B3F0001967B;
					};
				};
			};
			buildConfigurationList = 3B42E7E7211B7B3F0001967B /* Build configuration list for PBXProject "Project_ezmony" */;
			compatibilityVersion = "Xcode 9.3";
			developmentRegion = en;
			hasScannedForEncodings = 0;
			knownRegions = (
				en,
				Base,
			);
			mainGroup = 3B42E7E3211B7B3F0001967B;
			productRefGroup = 3B42E7ED211B7B3F0001967B /* Products */;
			projectDirPath = "";
			projectRoot = "";
			targets = (
				3B42E7EB211B7B3F0001967B /* Project_ezmony */,
				3B42E802211B7B410001967B /* Project_ezmonyTests */,
				3B42E80D211B7B410001967B /* Project_ezmonyUITests */,
			);
		};
/* End PBXProject section */

/* Begin PBXResourcesBuildPhase section */
		3B42E7EA211B7B3F0001967B /* Resources */ = {
			isa = PBXResourcesBuildPhase;
			buildActionMask = 2147483647;
			files = (
				3B42E7FD211B7B410001967B /* LaunchScreen.storyboard in Resources */,
				3B42E7FA211B7B410001967B /* Assets.xcassets in Resources */,
				3B42E7F5211B7B3F0001967B /* Main.storyboard in Resources */,
			);
			runOnlyForDeploymentPostprocessing = 0;
		};
		3B42E801211B7B410001967B /* Resources */ = {
			isa = PBXResourcesBuildPhase;
			buildActionMask = 2147483647;
			files = (
			);
			runOnlyForDeploymentPostprocessing = 0;
		};
		3B42E80C211B7B410001967B /* Resources */ = {
			isa = PBXResourcesBuildPhase;
			buildActionMask = 2147483647;
			files = (
			);
			runOnlyForDeploymentPostprocessing = 0;
		};
/* End PBXResourcesBuildPhase section */

/* Begin PBXShellScriptBuildPhase section */
		2E278D191E6C7A0D92FE8FF4 /* [CP] Check Pods Manifest.lock */ = {
			isa = PBXShellScriptBuildPhase;
			buildActionMask = 2147483647;
			files = (
			);
			inputPaths = (
				"${PODS_PODFILE_DIR_PATH}/Podfile.lock",
				"${PODS_ROOT}/Manifest.lock",
			);
			name = "[CP] Check Pods Manifest.lock";
			outputPaths = (
				"$(DERIVED_FILE_DIR)/Pods-Project_ezmonyTests-checkManifestLockResult.txt",
			);
			runOnlyForDeploymentPostprocessing = 0;
			shellPath = /bin/sh;
			shellScript = "diff \"${PODS_PODFILE_DIR_PATH}/Podfile.lock\" \"${PODS_ROOT}/Manifest.lock\" > /dev/null\nif [ $? != 0 ] ; then\n    # print error to STDERR\n    echo \"error: The sandbox is not in sync with the Podfile.lock. Run 'pod install' or update your CocoaPods installation.\" >&2\n    exit 1\nfi\n# This output is used by Xcode 'outputs' to avoid re-running this script phase.\necho \"SUCCESS\" > \"${SCRIPT_OUTPUT_FILE_0}\"\n";
			showEnvVarsInLog = 0;
		};
		33F10065DA1D9049F6A079F0 /* [CP] Check Pods Manifest.lock */ = {
			isa = PBXShellScriptBuildPhase;
			buildActionMask = 2147483647;
			files = (
			);
			inputPaths = (
				"${PODS_PODFILE_DIR_PATH}/Podfile.lock",
				"${PODS_ROOT}/Manifest.lock",
			);
			name = "[CP] Check Pods Manifest.lock";
			outputPaths = (
				"$(DERIVED_FILE_DIR)/Pods-Project_ezmony-checkManifestLockResult.txt",
			);
			runOnlyForDeploymentPostprocessing = 0;
			shellPath = /bin/sh;
			shellScript = "diff \"${PODS_PODFILE_DIR_PATH}/Podfile.lock\" \"${PODS_ROOT}/Manifest.lock\" > /dev/null\nif [ $? != 0 ] ; then\n    # print error to STDERR\n    echo \"error: The sandbox is not in sync with the Podfile.lock. Run 'pod install' or update your CocoaPods installation.\" >&2\n    exit 1\nfi\n# This output is used by Xcode 'outputs' to avoid re-running this script phase.\necho \"SUCCESS\" > \"${SCRIPT_OUTPUT_FILE_0}\"\n";
			showEnvVarsInLog = 0;
		};
		7DAE426F2A57614BDC35E6C9 /* [CP] Embed Pods Frameworks */ = {
			isa = PBXShellScriptBuildPhase;
			buildActionMask = 2147483647;
			files = (
			);
			inputPaths = (
				"${SRCROOT}/Pods/Target Support Files/Pods-Project_ezmony/Pods-Project_ezmony-frameworks.sh",
				"${BUILT_PRODUCTS_DIR}/Charts/Charts.framework",
			);
			name = "[CP] Embed Pods Frameworks";
			outputPaths = (
				"${TARGET_BUILD_DIR}/${FRAMEWORKS_FOLDER_PATH}/Charts.framework",
			);
			runOnlyForDeploymentPostprocessing = 0;
			shellPath = /bin/sh;
			shellScript = "\"${SRCROOT}/Pods/Target Support Files/Pods-Project_ezmony/Pods-Project_ezmony-frameworks.sh\"\n";
			showEnvVarsInLog = 0;
		};
		BB480FD4AF02D5346F7C680F /* [CP] Check Pods Manifest.lock */ = {
			isa = PBXShellScriptBuildPhase;
			buildActionMask = 2147483647;
			files = (
			);
			inputPaths = (
				"${PODS_PODFILE_DIR_PATH}/Podfile.lock",
				"${PODS_ROOT}/Manifest.lock",
			);
			name = "[CP] Check Pods Manifest.lock";
			outputPaths = (
				"$(DERIVED_FILE_DIR)/Pods-Project_ezmonyUITests-checkManifestLockResult.txt",
			);
			runOnlyForDeploymentPostprocessing = 0;
			shellPath = /bin/sh;
			shellScript = "diff \"${PODS_PODFILE_DIR_PATH}/Podfile.lock\" \"${PODS_ROOT}/Manifest.lock\" > /dev/null\nif [ $? != 0 ] ; then\n    # print error to STDERR\n    echo \"error: The sandbox is not in sync with the Podfile.lock. Run 'pod install' or update your CocoaPods installation.\" >&2\n    exit 1\nfi\n# This output is used by Xcode 'outputs' to avoid re-running this script phase.\necho \"SUCCESS\" > \"${SCRIPT_OUTPUT_FILE_0}\"\n";
			showEnvVarsInLog = 0;
		};
/* End PBXShellScriptBuildPhase section */

/* Begin PBXSourcesBuildPhase section */
		3B42E7E8211B7B3F0001967B /* Sources */ = {
			isa = PBXSourcesBuildPhase;
			buildActionMask = 2147483647;
			files = (
				3B42E7F8211B7B3F0001967B /* Project_ezmony.xcdatamodeld in Sources */,
				3B42E7F2211B7B3F0001967B /* ViewController.swift in Sources */,
				3B42E7F0211B7B3F0001967B /* AppDelegate.swift in Sources */,
			);
			runOnlyForDeploymentPostprocessing = 0;
		};
		3B42E7FF211B7B410001967B /* Sources */ = {
			isa = PBXSourcesBuildPhase;
			buildActionMask = 2147483647;
			files = (
				3B42E808211B7B410001967B /* Project_ezmonyTests.swift in Sources */,
			);
			runOnlyForDeploymentPostprocessing = 0;
		};
		3B42E80A211B7B410001967B /* Sources */ = {
			isa = PBXSourcesBuildPhase;
			buildActionMask = 2147483647;
			files = (
				3B42E813211B7B410001967B /* Project_ezmonyUITests.swift in Sources */,
			);
			runOnlyForDeploymentPostprocessing = 0;
		};
/* End PBXSourcesBuildPhase section */

/* Begin PBXTargetDependency section */
		3B42E805211B7B410001967B /* PBXTargetDependency */ = {
			isa = PBXTargetDependency;
			target = 3B42E7EB211B7B3F0001967B /* Project_ezmony */;
			targetProxy = 3B42E804211B7B410001967B /* PBXContainerItemProxy */;
		};
		3B42E810211B7B410001967B /* PBXTargetDependency */ = {
			isa = PBXTargetDependency;
			target = 3B42E7EB211B7B3F0001967B /* Project_ezmony */;
			targetProxy = 3B42E80F211B7B410001967B /* PBXContainerItemProxy */;
		};
/* End PBXTargetDependency section */

/* Begin PBXVariantGroup section */
		3B42E7F3211B7B3F0001967B /* Main.storyboard */ = {
			isa = PBXVariantGroup;
			children = (
				3B42E7F4211B7B3F0001967B /* Base */,
			);
			name = Main.storyboard;
			sourceTree = "<group>";
		};
		3B42E7FB211B7B410001967B /* LaunchScreen.storyboard */ = {
			isa = PBXVariantGroup;
			children = (
				3B42E7FC211B7B410001967B /* Base */,
			);
			name = LaunchScreen.storyboard;
			sourceTree = "<group>";
		};
/* End PBXVariantGroup section */

/* Begin XCBuildConfiguration section */
		3B42E815211B7B410001967B /* Debug */ = {
			isa = XCBuildConfiguration;
			buildSettings = {
				ALWAYS_SEARCH_USER_PATHS = NO;
				CLANG_ANALYZER_NONNULL = YES;
				CLANG_ANALYZER_NUMBER_OBJECT_CONVERSION = YES_AGGRESSIVE;
				CLANG_CXX_LANGUAGE_STANDARD = "gnu++14";
				CLANG_CXX_LIBRARY = "libc++";
				CLANG_ENABLE_MODULES = YES;
				CLANG_ENABLE_OBJC_ARC = YES;
				CLANG_ENABLE_OBJC_WEAK = YES;
				CLANG_WARN_BLOCK_CAPTURE_AUTORELEASING = YES;
				CLANG_WARN_BOOL_CONVERSION = YES;
				CLANG_WARN_COMMA = YES;
				CLANG_WARN_CONSTANT_CONVERSION = YES;
				CLANG_WARN_DEPRECATED_OBJC_IMPLEMENTATIONS = YES;
				CLANG_WARN_DIRECT_OBJC_ISA_USAGE = YES_ERROR;
				CLANG_WARN_DOCUMENTATION_COMMENTS = YES;
				CLANG_WARN_EMPTY_BODY = YES;
				CLANG_WARN_ENUM_CONVERSION = YES;
				CLANG_WARN_INFINITE_RECURSION = YES;
				CLANG_WARN_INT_CONVERSION = YES;
				CLANG_WARN_NON_LITERAL_NULL_CONVERSION = YES;
				CLANG_WARN_OBJC_IMPLICIT_RETAIN_SELF = YES;
				CLANG_WARN_OBJC_LITERAL_CONVERSION = YES;
				CLANG_WARN_OBJC_ROOT_CLASS = YES_ERROR;
				CLANG_WARN_RANGE_LOOP_ANALYSIS = YES;
				CLANG_WARN_STRICT_PROTOTYPES = YES;
				CLANG_WARN_SUSPICIOUS_MOVE = YES;
				CLANG_WARN_UNGUARDED_AVAILABILITY = YES_AGGRESSIVE;
				CLANG_WARN_UNREACHABLE_CODE = YES;
				CLANG_WARN__DUPLICATE_METHOD_MATCH = YES;
				CODE_SIGN_IDENTITY = "iPhone Developer";
				COPY_PHASE_STRIP = NO;
				DEBUG_INFORMATION_FORMAT = dwarf;
				ENABLE_STRICT_OBJC_MSGSEND = YES;
				ENABLE_TESTABILITY = YES;
				GCC_C_LANGUAGE_STANDARD = gnu11;
				GCC_DYNAMIC_NO_PIC = NO;
				GCC_NO_COMMON_BLOCKS = YES;
				GCC_OPTIMIZATION_LEVEL = 0;
				GCC_PREPROCESSOR_DEFINITIONS = (
					"DEBUG=1",
					"$(inherited)",
				);
				GCC_WARN_64_TO_32_BIT_CONVERSION = YES;
				GCC_WARN_ABOUT_RETURN_TYPE = YES_ERROR;
				GCC_WARN_UNDECLARED_SELECTOR = YES;
				GCC_WARN_UNINITIALIZED_AUTOS = YES_AGGRESSIVE;
				GCC_WARN_UNUSED_FUNCTION = YES;
				GCC_WARN_UNUSED_VARIABLE = YES;
				IPHONEOS_DEPLOYMENT_TARGET = 11.4;
				MTL_ENABLE_DEBUG_INFO = YES;
				ONLY_ACTIVE_ARCH = YES;
				SDKROOT = iphoneos;
				SWIFT_ACTIVE_COMPILATION_CONDITIONS = DEBUG;
				SWIFT_OPTIMIZATION_LEVEL = "-Onone";
			};
			name = Debug;
		};
		3B42E816211B7B410001967B /* Release */ = {
			isa = XCBuildConfiguration;
			buildSettings = {
				ALWAYS_SEARCH_USER_PATHS = NO;
				CLANG_ANALYZER_NONNULL = YES;
				CLANG_ANALYZER_NUMBER_OBJECT_CONVERSION = YES_AGGRESSIVE;
				CLANG_CXX_LANGUAGE_STANDARD = "gnu++14";
				CLANG_CXX_LIBRARY = "libc++";
				CLANG_ENABLE_MODULES = YES;
				CLANG_ENABLE_OBJC_ARC = YES;
				CLANG_ENABLE_OBJC_WEAK = YES;
				CLANG_WARN_BLOCK_CAPTURE_AUTORELEASING = YES;
				CLANG_WARN_BOOL_CONVERSION = YES;
				CLANG_WARN_COMMA = YES;
				CLANG_WARN_CONSTANT_CONVERSION = YES;
				CLANG_WARN_DEPRECATED_OBJC_IMPLEMENTATIONS = YES;
				CLANG_WARN_DIRECT_OBJC_ISA_USAGE = YES_ERROR;
				CLANG_WARN_DOCUMENTATION_COMMENTS = YES;
				CLANG_WARN_EMPTY_BODY = YES;
				CLANG_WARN_ENUM_CONVERSION = YES;
				CLANG_WARN_INFINITE_RECURSION = YES;
				CLANG_WARN_INT_CONVERSION = YES;
				CLANG_WARN_NON_LITERAL_NULL_CONVERSION = YES;
				CLANG_WARN_OBJC_IMPLICIT_RETAIN_SELF = YES;
				CLANG_WARN_OBJC_LITERAL_CONVERSION = YES;
				CLANG_WARN_OBJC_ROOT_CLASS = YES_ERROR;
				CLANG_WARN_RANGE_LOOP_ANALYSIS = YES;
				CLANG_WARN_STRICT_PROTOTYPES = YES;
				CLANG_WARN_SUSPICIOUS_MOVE = YES;
				CLANG_WARN_UNGUARDED_AVAILABILITY = YES_AGGRESSIVE;
				CLANG_WARN_UNREACHABLE_CODE = YES;
				CLANG_WARN__DUPLICATE_METHOD_MATCH = YES;
				CODE_SIGN_IDENTITY = "iPhone Developer";
				COPY_PHASE_STRIP = NO;
				DEBUG_INFORMATION_FORMAT = "dwarf-with-dsym";
				ENABLE_NS_ASSERTIONS = NO;
				ENABLE_STRICT_OBJC_MSGSEND = YES;
				GCC_C_LANGUAGE_STANDARD = gnu11;
				GCC_NO_COMMON_BLOCKS = YES;
				GCC_WARN_64_TO_32_BIT_CONVERSION = YES;
				GCC_WARN_ABOUT_RETURN_TYPE = YES_ERROR;
				GCC_WARN_UNDECLARED_SELECTOR = YES;
				GCC_WARN_UNINITIALIZED_AUTOS = YES_AGGRESSIVE;
				GCC_WARN_UNUSED_FUNCTION = YES;
				GCC_WARN_UNUSED_VARIABLE = YES;
				IPHONEOS_DEPLOYMENT_TARGET = 11.4;
				MTL_ENABLE_DEBUG_INFO = NO;
				SDKROOT = iphoneos;
				SWIFT_COMPILATION_MODE = wholemodule;
				SWIFT_OPTIMIZATION_LEVEL = "-O";
				VALIDATE_PRODUCT = YES;
			};
			name = Release;
		};
		3B42E818211B7B410001967B /* Debug */ = {
			isa = XCBuildConfiguration;
			baseConfigurationReference = 5BC95B4EFA73FCC120F5218A /* Pods-Project_ezmony.debug.xcconfig */;
			buildSettings = {
				ASSETCATALOG_COMPILER_APPICON_NAME = AppIcon;
				CODE_SIGN_STYLE = Automatic;
				DEVELOPMENT_TEAM = KBZ87469SA;
				INFOPLIST_FILE = Project_ezmony/Info.plist;
				LD_RUNPATH_SEARCH_PATHS = (
					"$(inherited)",
					"@executable_path/Frameworks",
				);
				PRODUCT_BUNDLE_IDENTIFIER = "com.badpixel.Project-ezmony";
				PRODUCT_NAME = "$(TARGET_NAME)";
				SWIFT_VERSION = 4.0;
				TARGETED_DEVICE_FAMILY = "1,2";
			};
			name = Debug;
		};
		3B42E819211B7B410001967B /* Release */ = {
			isa = XCBuildConfiguration;
			baseConfigurationReference = 726A1A9714F2B3D795D56E0F /* Pods-Project_ezmony.release.xcconfig */;
			buildSettings = {
				ASSETCATALOG_COMPILER_APPICON_NAME = AppIcon;
				CODE_SIGN_STYLE = Automatic;
				DEVELOPMENT_TEAM = KBZ87469SA;
				INFOPLIST_FILE = Project_ezmony/Info.plist;
				LD_RUNPATH_SEARCH_PATHS = (
					"$(inherited)",
					"@executable_path/Frameworks",
				);
				PRODUCT_BUNDLE_IDENTIFIER = "com.badpixel.Project-ezmony";
				PRODUCT_NAME = "$(TARGET_NAME)";
				SWIFT_VERSION = 4.0;
				TARGETED_DEVICE_FAMILY = "1,2";
			};
			name = Release;
		};
		3B42E81B211B7B410001967B /* Debug */ = {
			isa = XCBuildConfiguration;
			baseConfigurationReference = 5D0B7AE73BD1ADE7E6A6FC9A /* Pods-Project_ezmonyTests.debug.xcconfig */;
			buildSettings = {
				ALWAYS_EMBED_SWIFT_STANDARD_LIBRARIES = YES;
				BUNDLE_LOADER = "$(TEST_HOST)";
				CODE_SIGN_STYLE = Automatic;
				DEVELOPMENT_TEAM = KBZ87469SA;
				INFOPLIST_FILE = Project_ezmonyTests/Info.plist;
				LD_RUNPATH_SEARCH_PATHS = (
					"$(inherited)",
					"@executable_path/Frameworks",
					"@loader_path/Frameworks",
				);
				PRODUCT_BUNDLE_IDENTIFIER = "com.badpixel.Project-ezmonyTests";
				PRODUCT_NAME = "$(TARGET_NAME)";
				SWIFT_VERSION = 4.0;
				TARGETED_DEVICE_FAMILY = "1,2";
				TEST_HOST = "$(BUILT_PRODUCTS_DIR)/Project_ezmony.app/Project_ezmony";
			};
			name = Debug;
		};
		3B42E81C211B7B410001967B /* Release */ = {
			isa = XCBuildConfiguration;
			baseConfigurationReference = A2A935785F8AD0AB62723930 /* Pods-Project_ezmonyTests.release.xcconfig */;
			buildSettings = {
				ALWAYS_EMBED_SWIFT_STANDARD_LIBRARIES = YES;
				BUNDLE_LOADER = "$(TEST_HOST)";
				CODE_SIGN_STYLE = Automatic;
				DEVELOPMENT_TEAM = KBZ87469SA;
				INFOPLIST_FILE = Project_ezmonyTests/Info.plist;
				LD_RUNPATH_SEARCH_PATHS = (
					"$(inherited)",
					"@executable_path/Frameworks",
					"@loader_path/Frameworks",
				);
				PRODUCT_BUNDLE_IDENTIFIER = "com.badpixel.Project-ezmonyTests";
				PRODUCT_NAME = "$(TARGET_NAME)";
				SWIFT_VERSION = 4.0;
				TARGETED_DEVICE_FAMILY = "1,2";
				TEST_HOST = "$(BUILT_PRODUCTS_DIR)/Project_ezmony.app/Project_ezmony";
			};
			name = Release;
		};
		3B42E81E211B7B410001967B /* Debug */ = {
			isa = XCBuildConfiguration;
			baseConfigurationReference = AA93C022D83AD787BEC7CDB1 /* Pods-Project_ezmonyUITests.debug.xcconfig */;
			buildSettings = {
				ALWAYS_EMBED_SWIFT_STANDARD_LIBRARIES = YES;
				CODE_SIGN_STYLE = Automatic;
				DEVELOPMENT_TEAM = KBZ87469SA;
				INFOPLIST_FILE = Project_ezmonyUITests/Info.plist;
				LD_RUNPATH_SEARCH_PATHS = (
					"$(inherited)",
					"@executable_path/Frameworks",
					"@loader_path/Frameworks",
				);
				PRODUCT_BUNDLE_IDENTIFIER = "com.badpixel.Project-ezmonyUITests";
				PRODUCT_NAME = "$(TARGET_NAME)";
				SWIFT_VERSION = 4.0;
				TARGETED_DEVICE_FAMILY = "1,2";
				TEST_TARGET_NAME = Project_ezmony;
			};
			name = Debug;
		};
		3B42E81F211B7B410001967B /* Release */ = {
			isa = XCBuildConfiguration;
			baseConfigurationReference = E5EFBC67320B87005761B661 /* Pods-Project_ezmonyUITests.release.xcconfig */;
			buildSettings = {
				ALWAYS_EMBED_SWIFT_STANDARD_LIBRARIES = YES;
				CODE_SIGN_STYLE = Automatic;
				DEVELOPMENT_TEAM = KBZ87469SA;
				INFOPLIST_FILE = Project_ezmonyUITests/Info.plist;
				LD_RUNPATH_SEARCH_PATHS = (
					"$(inherited)",
					"@executable_path/Frameworks",
					"@loader_path/Frameworks",
				);
				PRODUCT_BUNDLE_IDENTIFIER = "com.badpixel.Project-ezmonyUITests";
				PRODUCT_NAME = "$(TARGET_NAME)";
				SWIFT_VERSION = 4.0;
				TARGETED_DEVICE_FAMILY = "1,2";
				TEST_TARGET_NAME = Project_ezmony;
			};
			name = Release;
		};
/* End XCBuildConfiguration section */

/* Begin XCConfigurationList section */
		3B42E7E7211B7B3F0001967B /* Build configuration list for PBXProject "Project_ezmony" */ = {
			isa = XCConfigurationList;
			buildConfigurations = (
				3B42E815211B7B410001967B /* Debug */,
				3B42E816211B7B410001967B /* Release */,
			);
			defaultConfigurationIsVisible = 0;
			defaultConfigurationName = Release;
		};
		3B42E817211B7B410001967B /* Build configuration list for PBXNativeTarget "Project_ezmony" */ = {
			isa = XCConfigurationList;
			buildConfigurations = (
				3B42E818211B7B410001967B /* Debug */,
				3B42E819211B7B410001967B /* Release */,
			);
			defaultConfigurationIsVisible = 0;
			defaultConfigurationName = Release;
		};
		3B42E81A211B7B410001967B /* Build configuration list for PBXNativeTarget "Project_ezmonyTests" */ = {
			isa = XCConfigurationList;
			buildConfigurations = (
				3B42E81B211B7B410001967B /* Debug */,
				3B42E81C211B7B410001967B /* Release */,
			);
			defaultConfigurationIsVisible = 0;
			defaultConfigurationName = Release;
		};
		3B42E81D211B7B410001967B /* Build configuration list for PBXNativeTarget "Project_ezmonyUITests" */ = {
			isa = XCConfigurationList;
			buildConfigurations = (
				3B42E81E211B7B410001967B /* Debug */,
				3B42E81F211B7B410001967B /* Release */,
			);
			defaultConfigurationIsVisible = 0;
			defaultConfigurationName = Release;
		};
/* End XCConfigurationList section */

/* Begin XCVersionGroup section */
		3B42E7F6211B7B3F0001967B /* Project_ezmony.xcdatamodeld */ = {
			isa = XCVersionGroup;
			children = (
				3B42E7F7211B7B3F0001967B /* Project_ezmony.xcdatamodel */,
			);
			currentVersion = 3B42E7F7211B7B3F0001967B /* Project_ezmony.xcdatamodel */;
			path = Project_ezmony.xcdatamodeld;
			sourceTree = "<group>";
			versionGroupType = wrapper.xcdatamodel;
		};
/* End XCVersionGroup section */
	};
	rootObject = 3B42E7E4211B7B3F0001967B /* Project object */;
}
